
Microsoft Visual Studio Solution File, Format Version 12.00
Project("{FAE04EC0-301F-11D3-BF4B-00C04F79EFBC}") = "WebAPI", "WebAPI\WebAPI.csproj", "{5E74320F-0DDD-4EA6-8AA0-94DB0DF561C7}"
EndProject
Project("{FAE04EC0-301F-11D3-BF4B-00C04F79EFBC}") = "Core", "Core\Core.csproj", "{C917FDCA-6D36-42FE-862B-C85523C38E97}"
EndProject
Project("{FAE04EC0-301F-11D3-BF4B-00C04F79EFBC}") = "Infrastructure", "Infrastructure\Infrastructure.csproj", "{32074246-EFD0-4DFB-B8C0-6DB4780ED141}"
EndProject
Global
	GlobalSection(SolutionConfigurationPlatforms) = preSolution
		Debug|Any CPU = Debug|Any CPU
		Release|Any CPU = Release|Any CPU
	EndGlobalSection
	GlobalSection(ProjectConfigurationPlatforms) = postSolution
		{5E74320F-0DDD-4EA6-8AA0-94DB0DF561C7}.Debug|Any CPU.ActiveCfg = Debug|Any CPU
		{5E74320F-0DDD-4EA6-8AA0-94DB0DF561C7}.Debug|Any CPU.Build.0 = Debug|Any CPU
		{5E74320F-0DDD-4EA6-8AA0-94DB0DF561C7}.Release|Any CPU.ActiveCfg = Release|Any CPU
		{5E74320F-0DDD-4EA6-8AA0-94DB0DF561C7}.Release|Any CPU.Build.0 = Release|Any CPU
		{C917FDCA-6D36-42FE-862B-C85523C38E97}.Debug|Any CPU.ActiveCfg = Debug|Any CPU
		{C917FDCA-6D36-42FE-862B-C85523C38E97}.Debug|Any CPU.Build.0 = Debug|Any CPU
		{C917FDCA-6D36-42FE-862B-C85523C38E97}.Release|Any CPU.ActiveCfg = Release|Any CPU
		{C917FDCA-6D36-42FE-862B-C85523C38E97}.Release|Any CPU.Build.0 = Release|Any CPU
		{32074246-EFD0-4DFB-B8C0-6DB4780ED141}.Debug|Any CPU.ActiveCfg = Debug|Any CPU
		{32074246-EFD0-4DFB-B8C0-6DB4780ED141}.Debug|Any CPU.Build.0 = Debug|Any CPU
		{32074246-EFD0-4DFB-B8C0-6DB4780ED141}.Release|Any CPU.ActiveCfg = Release|Any CPU
		{32074246-EFD0-4DFB-B8C0-6DB4780ED141}.Release|Any CPU.Build.0 = Release|Any CPU
	EndGlobalSection
EndGlobal
